
Microsoft Visual Studio Solution File, Format Version 12.00
# Visual Studio Version 17
VisualStudioVersion = 17.6.33815.320
MinimumVisualStudioVersion = 10.0.40219.1
Project("{FAE04EC0-301F-11D3-BF4B-00C04F79EFBC}") = "recieve_video", "recieve_video\recieve_video.csproj", "{86B759C5-E8B7-4119-83D5-682D9ACDE01B}"
EndProject
Global
	GlobalSection(SolutionConfigurationPlatforms) = preSolution
		Debug|Any CPU = Debug|Any CPU
		Release|Any CPU = Release|Any CPU
	EndGlobalSection
	GlobalSection(ProjectConfigurationPlatforms) = postSolution
		{86B759C5-E8B7-4119-83D5-682D9ACDE01B}.Debug|Any CPU.ActiveCfg = Debug|Any CPU
		{86B759C5-E8B7-4119-83D5-682D9ACDE01B}.Debug|Any CPU.Build.0 = Debug|Any CPU
		{86B759C5-E8B7-4119-83D5-682D9ACDE01B}.Release|Any CPU.ActiveCfg = Release|Any CPU
		{86B759C5-E8B7-4119-83D5-682D9ACDE01B}.Release|Any CPU.Build.0 = Release|Any CPU
	EndGlobalSection
	GlobalSection(SolutionProperties) = preSolution
		HideSolutionNode = FALSE
	EndGlobalSection
	GlobalSection(ExtensibilityGlobals) = postSolution
		SolutionGuid = {E178652E-E2AF-4FC5-B755-3B9F977DA68F}
	EndGlobalSection
EndGlobal
